{
    "hash": "f9df62ffaedb3c29fe5968ec445ab980",
    "packages": [
        {
            "name": "alchemy/ghostscript",
            "version": "dev-master",
            "source": {
                "type": "git",
                "url": "git://github.com/alchemy-fr/Ghostscript-PHP.git",
                "reference": "731a477710d8a9d093574b5ee1876fabfb02b5ee"
            },
            "dist": {
                "type": "zip",
                "url": "https://github.com/alchemy-fr/Ghostscript-PHP/archive/731a477710d8a9d093574b5ee1876fabfb02b5ee.zip",
                "reference": "731a477710d8a9d093574b5ee1876fabfb02b5ee",
                "shasum": ""
            },
            "require": {
                "php": ">=5.3.3",
                "symfony/process": ">=2.0,<=2.2",
                "monolog/monolog": "1.*"
            },
            "require-dev": {
                "fabpot/php-cs-fixer": "master",
                "sami/sami": "dev-master",
                "silex/silex": "dev-master"
            },
            "time": "2012-11-27 10:34:30",
            "type": "library",
            "extra": {
                "branch-alias": {
                    "dev-master": "0.2.x-dev"
                }
            },
            "installation-source": "source",
            "autoload": {
                "psr-0": {
                    "Ghostscript": "src"
                }
            },
            "notification-url": "https://packagist.org/downloads/",
            "license": [
                "MIT"
            ],
            "authors": [
                {
                    "name": "Romain Neutron",
                    "email": "imprec@gmail.com",
                    "homepage": "http://www.lickmychip.com/"
                },
                {
                    "name": "Phraseanet Team",
                    "email": "info@alchemy.fr",
                    "homepage": "http://www.phraseanet.com/"
                }
            ],
            "description": "Ghostscript PDF, a library to handle PDF through ghostscript",
            "keywords": [
                "pdf",
                "ghostscript"
            ]
        },
        {
            "name": "aws/aws-sdk-php",
            "version": "dev-master",
            "source": {
                "type": "git",
                "url": "https://github.com/aws/aws-sdk-php",
                "reference": "7c5977b6cb93e52bb5cbc98b205c0793a9308bd7"
            },
            "dist": {
                "type": "zip",
                "url": "https://github.com/aws/aws-sdk-php/archive/7c5977b6cb93e52bb5cbc98b205c0793a9308bd7.zip",
                "reference": "7c5977b6cb93e52bb5cbc98b205c0793a9308bd7",
                "shasum": ""
            },
            "require": {
                "php": ">=5.3.2",
                "guzzle/guzzle": "3.0.*"
            },
            "require-dev": {
                "symfony/class-loader": "2.*",
                "doctrine/common": "2.3.*",
                "monolog/monolog": "1.2.*",
                "ext-apc": "*",
                "phpunit/phpunit": "3.7.*"
            },
            "time": "2012-12-26 16:49:08",
            "type": "library",
            "installation-source": "source",
            "autoload": {
                "psr-0": {
                    "Aws": "src/"
                }
            },
            "notification-url": "https://packagist.org/downloads/",
            "license": [
                "Apache-2.0"
            ],
            "authors": [
                {
                    "name": "Amazon Web Services",
                    "homepage": "http://aws.amazon.com"
                }
            ],
            "description": "AWS SDK for PHP",
            "homepage": "http://aws.amazon.com/sdkforphp2",
            "keywords": [
                "amazon",
                "s3",
                "sdk",
                "aws",
                "dynamodb",
                "ec2"
            ]
        },
        {
            "name": "doctrine/common",
            "version": "2.3.0",
            "source": {
                "type": "git",
                "url": "https://github.com/doctrine/common",
                "reference": "2.3.0"
            },
            "dist": {
                "type": "zip",
                "url": "https://github.com/doctrine/common/zipball/2.3.0",
                "reference": "2.3.0",
                "shasum": ""
            },
            "require": {
                "php": ">=5.3.2"
            },
            "time": "2012-09-19 22:55:18",
            "type": "library",
            "extra": {
                "branch-alias": {
                    "dev-master": "2.3.x-dev"
                }
            },
            "installation-source": "dist",
            "autoload": {
                "psr-0": {
                    "Doctrine\\Common": "lib/"
                }
            },
            "notification-url": "https://packagist.org/downloads/",
            "license": [
                "MIT"
            ],
            "authors": [
                {
                    "name": "Jonathan Wage",
                    "email": "jonwage@gmail.com",
                    "homepage": "http://www.jwage.com/"
                },
                {
                    "name": "Guilherme Blanco",
                    "email": "guilhermeblanco@gmail.com",
                    "homepage": "http://www.instaclick.com"
                },
                {
                    "name": "Roman Borschel",
                    "email": "roman@code-factory.org"
                },
                {
                    "name": "Benjamin Eberlei",
                    "email": "kontakt@beberlei.de"
                },
                {
                    "name": "Johannes Schmitt",
                    "email": "schmittjoh@gmail.com",
                    "homepage": "https://github.com/schmittjoh",
                    "role": "Developer of wrapped JMSSerializerBundle"
                }
            ],
            "description": "Common Library for Doctrine projects",
            "homepage": "http://www.doctrine-project.org",
            "keywords": [
                "collections",
                "spl",
                "eventmanager",
                "annotations",
                "persistence"
            ]
        },
        {
            "name": "gloubster/communications",
            "version": "dev-master",
            "source": {
                "type": "git",
                "url": "https://github.com/Gloubster/Communications",
                "reference": "eb2c0b1b8934cd4c8e38193e9e70fe51bd83f812"
            },
            "dist": {
                "type": "zip",
                "url": "https://github.com/Gloubster/Communications/archive/eb2c0b1b8934cd4c8e38193e9e70fe51bd83f812.zip",
                "reference": "eb2c0b1b8934cd4c8e38193e9e70fe51bd83f812",
                "shasum": ""
            },
            "require": {
                "justinrainbow/json-schema": "*",
                "videlalvaro/php-amqplib": "dev-master",
                "aws/aws-sdk-php": "dev-master"
            },
            "require-dev": {
                "symfony/finder": ">=2.0,<=2.2.x-dev",
                "symfony/filesystem": ">=2.0,<=2.2.x-dev"
            },
            "time": "2013-01-02 17:39:03",
            "type": "library",
            "installation-source": "source",
            "autoload": {
                "psr-0": {
                    "Gloubster": "src"
                }
            },
            "notification-url": "https://packagist.org/downloads/",
            "license": [
                "MIT"
            ],
            "authors": [
                {
                    "name": "Romain Neutron",
                    "email": "imprec@gmail.com",
                    "homepage": "http://www.lickmychip.com/"
                }
            ]
        },
        {
            "name": "guzzle/guzzle",
            "version": "dev-master",
            "source": {
                "type": "git",
                "url": "https://github.com/guzzle/guzzle",
                "reference": "a2e051ce52ae527cc352c324fe220390460166fd"
            },
            "dist": {
                "type": "zip",
                "url": "https://github.com/guzzle/guzzle/archive/a2e051ce52ae527cc352c324fe220390460166fd.zip",
                "reference": "a2e051ce52ae527cc352c324fe220390460166fd",
                "shasum": ""
            },
            "require": {
                "php": ">=5.3.2",
                "ext-curl": "*",
                "symfony/event-dispatcher": ">=2.1"
            },
            "replace": {
                "guzzle/common": "self.version",
                "guzzle/http": "self.version",
                "guzzle/parser": "self.version",
                "guzzle/batch": "self.version",
                "guzzle/cache": "self.version",
                "guzzle/inflection": "self.version",
                "guzzle/iterator": "self.version",
                "guzzle/log": "self.version",
                "guzzle/plugin": "self.version",
                "guzzle/plugin-async": "self.version",
                "guzzle/plugin-backoff": "self.version",
                "guzzle/plugin-cache": "self.version",
                "guzzle/plugin-cookie": "self.version",
                "guzzle/plugin-curlauth": "self.version",
                "guzzle/plugin-history": "self.version",
                "guzzle/plugin-log": "self.version",
                "guzzle/plugin-mock": "self.version",
                "guzzle/plugin-oauth": "self.version",
                "guzzle/service": "self.version",
                "guzzle/stream": "self.version",
                "guzzle/plugin-md5": "self.version"
            },
            "require-dev": {
                "doctrine/common": "*",
                "symfony/class-loader": "*",
                "monolog/monolog": "1.*",
                "zend/zend-log1": "1.12",
                "zend/zend-cache1": "1.12",
                "zendframework/zend-cache": "2.0.*",
                "zendframework/zend-log": "2.0.*",
                "phpunit/phpunit": "3.7.*"
            },
            "suggest": {
                "symfony/class-loader": "*",
                "monolog/monolog": "*",
                "zend/zend-cache": "2.0.0beta3",
                "zend/zend-log": "2.0.0beta3"
            },
            "time": "2012-12-31 05:22:54",
            "type": "library",
            "extra": {
                "branch-alias": {
                    "dev-master": "3.0-dev"
                }
            },
            "installation-source": "source",
            "autoload": {
                "psr-0": {
                    "Guzzle\\Tests": "tests/",
                    "Guzzle": "src/"
                }
            },
            "notification-url": "https://packagist.org/downloads/",
            "license": [
                "MIT"
            ],
            "authors": [
                {
                    "name": "Michael Dowling",
                    "email": "mtdowling@gmail.com",
                    "homepage": "https://github.com/mtdowling"
                },
                {
                    "name": "Guzzle Community",
                    "homepage": "https://github.com/guzzle/guzzle/contributors"
                }
            ],
            "description": "Guzzle is a PHP HTTP client library and framework for building RESTful web service clients",
            "homepage": "http://guzzlephp.org/",
            "keywords": [
                "framework",
                "curl",
                "http",
                "rest",
                "http client",
                "client",
                "web service"
            ]
        },
        {
            "name": "imagine/Imagine",
            "version": "dev-master",
            "source": {
                "type": "git",
                "url": "https://github.com/avalanche123/Imagine",
                "reference": "v0.4.1"
            },
            "dist": {
                "type": "zip",
                "url": "https://github.com/avalanche123/Imagine/archive/v0.4.1.zip",
                "reference": "v0.4.1",
                "shasum": ""
            },
            "require": {
                "php": ">=5.3.2"
            },
            "require-dev": {
                "sami/sami": "dev-master"
            },
            "time": "2012-12-13 18:31:18",
            "type": "library",
            "installation-source": "source",
            "autoload": {
                "psr-0": {
                    "Imagine": "lib/"
                }
            },
            "notification-url": "https://packagist.org/downloads/",
            "license": [
                "MIT"
            ],
            "authors": [
                {
                    "name": "Bulat Shakirzyanov",
                    "email": "mallluhuct@gmail.com",
                    "homepage": "http://avalanche123.com"
                }
            ],
            "description": "Image processing for PHP 5.3",
            "homepage": "http://imagine.readthedocs.org/",
            "keywords": [
                "image manipulation",
                "image processing",
                "drawing",
                "graphics"
            ]
        },
        {
            "name": "justinrainbow/json-schema",
            "version": "dev-master",
            "source": {
                "type": "git",
                "url": "git://github.com/justinrainbow/json-schema.git",
                "reference": "1.2.2"
            },
            "dist": {
                "type": "zip",
                "url": "https://github.com/justinrainbow/json-schema/archive/1.2.2.zip",
                "reference": "1.2.2",
                "shasum": ""
            },
            "require": {
                "php": ">=5.3.0"
            },
            "time": "2012-11-29 16:11:18",
            "type": "library",
            "installation-source": "source",
            "autoload": {
                "psr-0": {
                    "JsonSchema": "src/"
                }
            },
            "notification-url": "https://packagist.org/downloads/",
            "license": [
                "BSD-3-Clause"
            ],
            "authors": [
                {
                    "name": "Igor Wiedler",
                    "email": "igor@wiedler.ch",
                    "homepage": "http://wiedler.ch/igor/"
                },
                {
                    "name": "Bruno Prieto Reis",
                    "email": "bruno.p.reis@gmail.com"
                },
                {
                    "name": "Justin Rainbow",
                    "email": "justin.rainbow@gmail.com"
                },
                {
                    "name": "Robert Schönthal",
                    "email": "seroscho@googlemail.com",
                    "homepage": "http://digitalkaoz.net"
                }
            ],
            "description": "A library to validate a json schema.",
            "homepage": "https://github.com/justinrainbow/json-schema",
            "keywords": [
                "json",
                "schema"
            ]
        },
        {
            "name": "media-alchemyst/media-alchemyst",
            "version": "dev-master",
            "source": {
                "type": "git",
                "url": "https://github.com/alchemy-fr/Media-Alchemyst",
                "reference": "0.2.0"
            },
            "dist": {
                "type": "zip",
                "url": "https://github.com/alchemy-fr/Media-Alchemyst/archive/0.2.0.zip",
                "reference": "0.2.0",
                "shasum": ""
            },
            "require": {
                "swftools/swftools": "dev-master",
                "php-unoconv/php-unoconv": "dev-master",
                "php-mp4box/php-mp4box": "dev-master",
                "php": ">=5.3.3",
                "symfony/console": ">=2.0,<=2.2",
                "pimple/pimple": "1.*",
                "mediavorus/mediavorus": "0.2.*",
                "monolog/monolog": "1.*",
                "alchemy/ghostscript": "0.2.*",
                "imagine/imagine": ">=0.4",
                "php-ffmpeg/php-ffmpeg": "0.2.*"
            },
            "require-dev": {
                "grom/silex-service-provider": "dev-master",
                "phpexiftool/phpexiftool": "dev-master"
            },
            "time": "2012-12-21 16:57:14",
            "type": "library",
            "extra": {
                "branch-alias": {
                    "dev-master": "0.2.x-dev"
                }
            },
            "installation-source": "source",
            "autoload": {
                "psr-0": {
                    "MediaAlchemyst": "src"
                }
            },
            "notification-url": "https://packagist.org/downloads/",
            "license": [
                "MIT"
            ],
            "authors": [
                {
                    "name": "Romain Neutron",
                    "email": "imprec@gmail.com",
                    "homepage": "http://www.lickmychip.com/"
                },
                {
                    "name": "Phraseanet Team",
                    "email": "info@alchemy.fr",
                    "homepage": "http://www.phraseanet.com/"
                }
            ],
            "description": "An Object Oriented wrapper for easy multimedia conversion, based on Imagine, FFMpeg, SwfTools, Unoconv and other libs",
            "keywords": [
                "image processing",
                "image",
                "audio",
                "video processing",
                "video",
                "audio processing"
            ]
        },
        {
            "name": "mediavorus/mediavorus",
            "version": "dev-master",
            "source": {
                "type": "git",
                "url": "https://github.com/romainneutron/MediaVorus",
                "reference": "0.2.1"
            },
            "dist": {
                "type": "zip",
                "url": "https://github.com/romainneutron/MediaVorus/archive/0.2.1.zip",
                "reference": "0.2.1",
                "shasum": ""
            },
            "require": {
                "phpexiftool/phpexiftool": "dev-master",
                "php-ffmpeg/php-ffmpeg": "dev-master",
                "php": ">=5.3.0",
                "symfony/http-foundation": ">2.0,<=2.2",
                "symfony/console": ">2.0,<=2.2",
                "monolog/monolog": "1.*"
            },
            "require-dev": {
                "fabpot/php-cs-fixer": "*",
                "silex/silex": "1.0.*-dev"
            },
            "time": "2012-12-21 16:17:03",
            "type": "library",
            "extra": {
                "branch-alias": {
                    "dev-master": "0.2.x-dev"
                }
            },
            "installation-source": "source",
            "autoload": {
                "psr-0": {
                    "MediaVorus": "src"
                }
            },
            "notification-url": "https://packagist.org/downloads/",
            "license": [
                "MIT"
            ],
            "authors": [
                {
                    "name": "Romain Neutron",
                    "email": "imprec@gmail.com",
                    "homepage": "http://www.lickmychip.com/"
                }
            ],
            "description": "MediaVorus",
            "keywords": [
                "metadata"
            ]
        },
        {
            "name": "monolog/monolog",
            "version": "dev-master",
            "source": {
                "type": "git",
                "url": "https://github.com/Seldaek/monolog",
                "reference": "52b454f89041c41c548bc242482aaf9dc6fee5d8"
            },
            "dist": {
                "type": "zip",
                "url": "https://github.com/Seldaek/monolog/archive/52b454f89041c41c548bc242482aaf9dc6fee5d8.zip",
                "reference": "52b454f89041c41c548bc242482aaf9dc6fee5d8",
                "shasum": ""
            },
            "require": {
                "php": ">=5.3.0"
            },
            "require-dev": {
                "mlehner/gelf-php": "1.0.*"
            },
            "suggest": {
                "mlehner/gelf-php": "Allow sending log messages to a GrayLog2 server",
                "ext-amqp": "Allow sending log messages to an AMQP server (1.0+ required)",
                "ext-mongo": "Allow sending log messages to a MongoDB server"
            },
            "time": "2012-12-21 09:35:52",
            "type": "library",
            "extra": {
                "branch-alias": {
                    "dev-master": "1.3.x-dev"
                }
            },
            "installation-source": "source",
            "autoload": {
                "psr-0": {
                    "Monolog": "src/"
                }
            },
            "notification-url": "https://packagist.org/downloads/",
            "license": [
                "MIT"
            ],
            "authors": [
                {
                    "name": "Jordi Boggiano",
                    "email": "j.boggiano@seld.be",
                    "homepage": "http://seld.be",
                    "role": "Developer"
                }
            ],
            "description": "Logging for PHP 5.3",
            "homepage": "http://github.com/Seldaek/monolog",
            "keywords": [
                "log",
                "logging"
            ]
        },
        {
            "name": "neutron/temporary-filesystem",
            "version": "1.0.0",
            "source": {
                "type": "git",
                "url": "git://github.com/romainneutron/Temporary-Filesystem.git",
                "reference": "1.0.0"
            },
            "dist": {
                "type": "zip",
                "url": "https://github.com/romainneutron/Temporary-Filesystem/archive/1.0.0.zip",
                "reference": "1.0.0",
                "shasum": ""
            },
            "require": {
                "symfony/filesystem": ">=2.0,<=2.2.x-dev"
            },
            "time": "2012-11-02 11:05:27",
            "type": "library",
            "installation-source": "dist",
            "autoload": {
                "psr-0": {
                    "Neutron": "src"
                }
            },
            "notification-url": "https://packagist.org/downloads/",
            "license": [
                "MIT"
            ],
            "authors": [
                {
                    "name": "Romain Neutron",
                    "email": "imprec@gmail.com",
                    "homepage": "http://www.lickmychip.com/"
                }
            ],
            "description": "Symfony filesystem extension to handle temporary files"
        },
        {
            "name": "neutron/tip-top",
            "version": "dev-master",
            "source": {
                "type": "git",
                "url": "git://github.com/romainneutron/Tip-Top.git",
                "reference": "74dbd3763fceed04753e7ce6afef93d29640f89c"
            },
            "dist": {
                "type": "zip",
                "url": "https://github.com/romainneutron/Tip-Top/archive/74dbd3763fceed04753e7ce6afef93d29640f89c.zip",
                "reference": "74dbd3763fceed04753e7ce6afef93d29640f89c",
                "shasum": ""
            },
            "require": {
                "php": ">=5.3.3",
                "ext-pcntl": "*",
                "ext-posix": "*"
            },
            "require-dev": {
                "sami/sami": "dev-master"
            },
            "time": "2012-11-21 16:11:29",
            "type": "library",
            "extra": {
                "branch-alias": {
                    "dev-master": "0.1.x-dev"
                }
            },
            "installation-source": "source",
            "autoload": {
                "psr-0": {
                    "Neutron": "src"
                }
            },
            "notification-url": "https://packagist.org/downloads/",
            "license": [
                "MIT"
            ],
            "authors": [
                {
                    "name": "Romain Neutron",
                    "email": "imprec@gmail.com",
                    "homepage": "http://www.lickmychip.com/"
                }
            ],
            "description": "Tip-Top, a library to set timeouts and periodic timers",
            "keywords": [
                "period",
                "timer",
                "timeout",
                "periodic"
            ]
        },
        {
            "name": "php-ffmpeg/php-ffmpeg",
            "version": "dev-master",
            "source": {
                "type": "git",
                "url": "https://github.com/alchemy-fr/PHP-FFmpeg",
                "reference": "d7bb7bd091c47ae512ab86206607e2febce7ce49"
            },
            "dist": {
                "type": "zip",
                "url": "https://github.com/alchemy-fr/PHP-FFmpeg/archive/d7bb7bd091c47ae512ab86206607e2febce7ce49.zip",
                "reference": "d7bb7bd091c47ae512ab86206607e2febce7ce49",
                "shasum": ""
            },
            "require": {
                "php": ">=5.3.3",
                "symfony/process": ">=2.0,<=2.2",
                "monolog/monolog": "1.*"
            },
            "require-dev": {
                "fabpot/php-cs-fixer": "master",
                "sami/sami": "dev-master",
                "silex/silex": "dev-master",
                "phpunit/phpunit": "3.7.*"
            },
            "suggest": {
                "php-ffmpeg/extras": "A compilation of common audio & video drivers for PHP-FFMpeg"
            },
            "time": "2012-12-27 23:01:03",
            "type": "library",
            "extra": {
                "branch-alias": {
                    "dev-master": "0.2.x-dev"
                }
            },
            "installation-source": "source",
            "autoload": {
                "psr-0": {
                    "FFMpeg": "src"
                }
            },
            "notification-url": "https://packagist.org/downloads/",
            "license": [
                "MIT"
            ],
            "authors": [
                {
                    "name": "Romain Neutron",
                    "email": "imprec@gmail.com",
                    "homepage": "http://www.lickmychip.com/"
                },
                {
                    "name": "Phraseanet Team",
                    "email": "info@alchemy.fr",
                    "homepage": "http://www.phraseanet.com/"
                }
            ],
            "description": "FFMpeg PHP, an Object Oriented library to communicate with AVconv / ffmpeg",
            "keywords": [
                "audio",
                "video processing",
                "video",
                "audio processing",
                "avconv",
                "ffmpeg",
                "avprobe",
                "ffprobe"
            ]
        },
        {
            "name": "php-mp4box/php-mp4box",
            "version": "dev-master",
            "source": {
                "type": "git",
                "url": "git://github.com/alchemy-fr/PHP-MP4Box.git",
                "reference": "2e8db20b7ebc53818b3e23c99f4e23c6e2bfc1c4"
            },
            "dist": {
                "type": "zip",
                "url": "https://github.com/alchemy-fr/PHP-MP4Box/archive/2e8db20b7ebc53818b3e23c99f4e23c6e2bfc1c4.zip",
                "reference": "2e8db20b7ebc53818b3e23c99f4e23c6e2bfc1c4",
                "shasum": ""
            },
            "require": {
                "php": ">=5.3.3",
                "symfony/process": ">=2.0,<=2.2",
                "monolog/monolog": "1.*"
            },
            "require-dev": {
                "fabpot/php-cs-fixer": "dev-master",
                "silex/silex": "dev-master"
            },
            "time": "2012-12-21 16:56:54",
            "type": "library",
            "installation-source": "source",
            "autoload": {
                "psr-0": {
                    "MP4Box": "src"
                }
            },
            "notification-url": "https://packagist.org/downloads/",
            "license": [
                "MIT"
            ],
            "authors": [
                {
                    "name": "Romain Neutron",
                    "email": "imprec@gmail.com",
                    "homepage": "http://www.lickmychip.com/"
                },
                {
                    "name": "Phraseanet Team",
                    "email": "info@alchemy.fr",
                    "homepage": "http://www.phraseanet.com/"
                }
            ],
            "description": "PHP MP4Box, an Object Oriented library for easy file conversion with MP4 Box"
        },
        {
            "name": "php-unoconv/php-unoconv",
            "version": "dev-master",
            "source": {
                "type": "git",
                "url": "https://github.com/alchemy-fr/PHP-Unoconv",
                "reference": "0.1.0"
            },
            "dist": {
                "type": "zip",
                "url": "https://github.com/alchemy-fr/PHP-Unoconv/archive/0.1.0.zip",
                "reference": "0.1.0",
                "shasum": ""
            },
            "require": {
                "php": ">=5.3.3",
                "symfony/process": ">=2.0,<=2.2",
                "monolog/monolog": "1.*"
            },
            "require-dev": {
                "silex/silex": "dev-master",
                "fabpot/php-cs-fixer": "dev-master"
            },
            "time": "2012-12-21 16:41:47",
            "type": "library",
            "installation-source": "source",
            "autoload": {
                "psr-0": {
                    "Unoconv": "src"
                }
            },
            "notification-url": "https://packagist.org/downloads/",
            "license": [
                "MIT"
            ],
            "authors": [
                {
                    "name": "Romain Neutron",
                    "email": "imprec@gmail.com",
                    "homepage": "http://www.lickmychip.com/"
                },
                {
                    "name": "Phraseanet Team",
                    "email": "support@alchemy.fr",
                    "homepage": "http://www.phraseanet.com/"
                }
            ],
            "description": "Unoconv PHP, an Object Oriented library for easy file conversion with LibreOffice's unoconv"
        },
        {
            "name": "phpexiftool/exiftool",
            "version": "dev-master",
            "source": {
                "type": "git",
                "url": "https://github.com/alchemy-fr/exiftool",
                "reference": "6f833c5fcd94de99a240e9e3f549280051677269"
            },
            "dist": {
                "type": "zip",
                "url": "https://github.com/alchemy-fr/exiftool/archive/6f833c5fcd94de99a240e9e3f549280051677269.zip",
                "reference": "6f833c5fcd94de99a240e9e3f549280051677269",
                "shasum": ""
            },
            "require": {
                "phpexiftool/phpexiftool": "*"
            },
            "time": "2013-01-03 11:16:06",
            "type": "library",
            "installation-source": "source",
            "notification-url": "https://packagist.org/downloads/",
            "license": [
                "Perl Licensing"
            ],
            "authors": [
                {
                    "name": "Phil Harvey",
                    "email": "phil@owl.phy.queensu.ca",
                    "homepage": "http://www.sno.phy.queensu.ca/~phil/exiftool/"
                }
            ],
            "description": "Exiftool is a library for reading, writing and editing meta information. This package is not PHP, but required for the main PHP driver : PHP Exiftool",
            "keywords": [
                "exiftool",
                "metadatas"
            ]
        },
        {
            "name": "phpexiftool/phpexiftool",
            "version": "dev-master",
            "source": {
                "type": "git",
                "url": "https://github.com/romainneutron/PHPExiftool",
                "reference": "a953aa842a555ece591603971751d90fee8620de"
            },
            "dist": {
                "type": "zip",
                "url": "https://github.com/romainneutron/PHPExiftool/archive/a953aa842a555ece591603971751d90fee8620de.zip",
                "reference": "a953aa842a555ece591603971751d90fee8620de",
                "shasum": ""
            },
            "require": {
                "php": ">=5.3.3",
                "monolog/monolog": "1.*",
                "doctrine/common": ">=2.2,<=2.3",
                "phpexiftool/exiftool": ">=9.12",
                "symfony/process": ">=2.0,<=2.2.x-dev"
            },
            "require-dev": {
                "fabpot/php-cs-fixer": "*",
                "sami/sami": "*",
                "silex/silex": "*",
                "symfony/css-selector": ">=2.0,<=2.2.x-dev",
                "symfony/finder": ">=2.0,<=2.2.x-dev",
                "symfony/console": ">=2.0,<=2.2.x-dev",
                "symfony/dom-crawler": ">=2.0,<=2.2.x-dev"
            },
            "time": "2013-01-03 11:53:47",
            "type": "library",
            "installation-source": "source",
            "autoload": {
                "psr-0": {
                    "PHPExiftool": "lib"
                }
            },
            "notification-url": "https://packagist.org/downloads/",
            "license": [
                "MIT"
            ],
            "authors": [
                {
                    "name": "Romain Neutron",
                    "email": "imprec@gmail.com",
                    "homepage": "http://www.lickmychip.com/"
                }
            ],
            "description": "Exiftool driver for PHP",
            "keywords": [
                "metadata",
                "exiftool"
            ]
        },
        {
            "name": "pimple/pimple",
            "version": "dev-master",
            "source": {
                "type": "git",
                "url": "git://github.com/fabpot/Pimple.git",
                "reference": "v1.0.1"
            },
            "dist": {
                "type": "zip",
                "url": "https://github.com/fabpot/Pimple/archive/v1.0.1.zip",
                "reference": "v1.0.1",
                "shasum": ""
            },
            "require": {
                "php": ">=5.3.0"
            },
            "time": "2012-11-11 08:32:34",
            "type": "library",
            "extra": {
                "branch-alias": {
                    "dev-master": "1.0.x-dev"
                }
            },
            "installation-source": "source",
            "autoload": {
                "psr-0": {
                    "Pimple": "lib/"
                }
            },
            "notification-url": "https://packagist.org/downloads/",
            "license": [
                "MIT"
            ],
            "authors": [
                {
                    "name": "Fabien Potencier",
                    "email": "fabien@symfony.com"
                }
            ],
            "description": "Pimple is a simple Dependency Injection Container for PHP 5.3",
            "homepage": "http://pimple.sensiolabs.org",
            "keywords": [
                "dependency injection",
                "container"
            ]
        },
        {
            "name": "swftools/swftools",
            "version": "dev-master",
            "source": {
                "type": "git",
                "url": "https://github.com/alchemy-fr/PHPSwftools",
                "reference": "0.1.0"
            },
            "dist": {
                "type": "zip",
                "url": "https://github.com/alchemy-fr/PHPSwftools/archive/0.1.0.zip",
                "reference": "0.1.0",
                "shasum": ""
            },
            "require": {
                "php": ">=5.3.3",
                "symfony/process": ">=2.0,<=2.2",
                "monolog/monolog": "1.*"
            },
            "require-dev": {
                "fabpot/php-cs-fixer": "dev-master",
                "sami/sami": "dev-master",
                "silex/silex": "dev-master"
            },
            "time": "2012-12-21 16:29:27",
            "type": "library",
            "installation-source": "source",
            "autoload": {
                "psr-0": {
                    "SwfTools": "src"
                }
            },
            "notification-url": "https://packagist.org/downloads/",
            "license": [
                "MIT"
            ],
            "authors": [
                {
                    "name": "Romain Neutron",
                    "email": "imprec@gmail.com",
                    "homepage": "http://www.lickmychip.com/"
                },
                {
                    "name": "Phraseanet Team",
                    "email": "support@alchemy.fr",
                    "homepage": "http://www.phraseanet.com/"
                }
            ],
            "description": "PHP SwfTools",
            "keywords": [
                "flash",
                "swf",
                "adobe flash"
            ]
        },
        {
            "name": "symfony/symfony",
            "version": "dev-StreamSelect",
            "source": {
                "type": "git",
                "url": "git://github.com/romainneutron/symfony.git",
                "reference": "037e43e6d3e3e8a6ac08b7f6a21412fc4f2ffe07"
            },
            "require": {
                "php": ">=5.3.3",
                "doctrine/common": ">2.2,<2.4-dev",
                "twig/twig": ">=1.9.1,<2.0-dev"
            },
            "replace": {
                "symfony/doctrine-bridge": "self.version",
                "symfony/monolog-bridge": "self.version",
                "symfony/propel1-bridge": "self.version",
                "symfony/swiftmailer-bridge": "self.version",
                "symfony/twig-bridge": "self.version",
                "symfony/framework-bundle": "self.version",
                "symfony/security-bundle": "self.version",
                "symfony/twig-bundle": "self.version",
                "symfony/web-profiler-bundle": "self.version",
                "symfony/browser-kit": "self.version",
                "symfony/class-loader": "self.version",
                "symfony/config": "self.version",
                "symfony/console": "self.version",
                "symfony/css-selector": "self.version",
                "symfony/dependency-injection": "self.version",
                "symfony/dom-crawler": "self.version",
                "symfony/event-dispatcher": "self.version",
                "symfony/filesystem": "self.version",
                "symfony/finder": "self.version",
                "symfony/form": "self.version",
                "symfony/http-foundation": "self.version",
                "symfony/http-kernel": "self.version",
                "symfony/locale": "self.version",
                "symfony/options-resolver": "self.version",
                "symfony/process": "self.version",
                "symfony/routing": "self.version",
                "symfony/security": "self.version",
                "symfony/serializer": "self.version",
                "symfony/templating": "self.version",
                "symfony/translation": "self.version",
                "symfony/validator": "self.version",
                "symfony/yaml": "self.version"
            },
            "require-dev": {
                "doctrine/dbal": ">=2.2,<2.4-dev",
                "doctrine/orm": ">=2.2.3,<2.4-dev",
                "doctrine/data-fixtures": "1.0.*",
                "propel/propel1": "dev-master",
                "monolog/monolog": "1.*"
            },
            "time": "2013-01-03 14:01:40",
            "type": "library",
            "installation-source": "source",
            "autoload": {
                "psr-0": {
                    "Symfony": "src/",
                    "SessionHandlerInterface": "src/Symfony/Component/HttpFoundation/Resources/stubs"
                }
            },
            "license": [
                "MIT"
            ],
            "authors": [
                {
                    "name": "Fabien Potencier",
                    "email": "fabien@symfony.com"
                },
                {
                    "name": "Symfony Community",
                    "homepage": "http://symfony.com/contributors"
                }
            ],
            "description": "The Symfony PHP framework",
            "homepage": "http://symfony.com",
            "keywords": [
                "framework"
            ]
        },
        {
            "name": "twig/twig",
            "version": "dev-master",
            "source": {
                "type": "git",
                "url": "git://github.com/fabpot/Twig.git",
                "reference": "037b5be972bd64900a6a287ee56661782090ca00"
            },
            "dist": {
                "type": "zip",
                "url": "https://github.com/fabpot/Twig/archive/037b5be972bd64900a6a287ee56661782090ca00.zip",
                "reference": "037b5be972bd64900a6a287ee56661782090ca00",
                "shasum": ""
            },
            "require": {
                "php": ">=5.2.4"
            },
            "time": "2013-01-02 16:15:41",
            "type": "library",
            "extra": {
                "branch-alias": {
                    "dev-master": "1.12-dev"
                }
            },
            "installation-source": "source",
            "autoload": {
                "psr-0": {
                    "Twig_": "lib/"
                }
            },
            "notification-url": "https://packagist.org/downloads/",
            "license": [
                "BSD-3"
            ],
            "authors": [
                {
                    "name": "Fabien Potencier",
                    "email": "fabien@symfony.com"
                },
                {
                    "name": "Armin Ronacher",
                    "email": "armin.ronacher@active-4.com"
                }
            ],
            "description": "Twig, the flexible, fast, and secure template language for PHP",
            "homepage": "http://twig.sensiolabs.org",
            "keywords": [
                "templating"
            ]
        },
        {
            "name": "videlalvaro/php-amqplib",
            "version": "dev-master",
            "source": {
                "type": "git",
                "url": "git://github.com/romainneutron/php-amqplib.git",
                "reference": "9165f99461c3455ddc93916ad0821e99b0d19c43"
            },
            "require": {
                "php": ">=5.3.0"
            },
            "time": "2012-12-24 15:05:48",
            "type": "library",
            "installation-source": "source",
            "autoload": {
                "psr-0": {
                    "PhpAmqpLib": ""
                }
            },
            "authors": [
                {
                    "name": "Alvaro Videla"
                }
            ],
            "description": "This library is a pure PHP implementation of the AMQP protocol. It's been tested against RabbitMQ.",
            "homepage": "https://github.com/videlalvaro/php-amqplib/",
            "keywords": [
                "rabbitmq",
                "message",
                "queue"
            ]
        }
    ],
    "packages-dev": [

    ],
    "aliases": [
        {
            "alias": "2.1.x-dev",
            "alias_normalized": "2.1.9999999.9999999-dev",
            "version": "dev-StreamSelect",
            "package": "symfony/symfony"
        }
    ],
    "minimum-stability": "dev",
    "stability-flags": {
        "gloubster/communications": 20,
        "symfony/symfony": 20,
        "videlalvaro/php-amqplib": 20
    }
}
