{
    "hash": "9fcea4dbd1da9eb0a5f2e6091b8d5554",
    "packages": [
        {
            "package": "doctrine/common",
            "version": "2.2.x-dev",
            "source-reference": "1e0aa60d109c630d19543d999f12e2852ef8f932",
            "commit-date": "1334303204"
        },
        {
            "package": "gloubster/communications",
            "version": "dev-master",
            "source-reference": "d94bd8b6128c0bc217c055ca63b5745bdcde60a1",
            "commit-date": "1341405391"
        },
        {
            "package": "imagine/Imagine",
            "version": "dev-develop",
            "source-reference": "ea555767c851236f31ee1e048b4cd51f448cab2e",
            "commit-date": "1339599310"
        },
        {
            "package": "justinrainbow/json-schema",
            "version": "dev-master",
            "source-reference": "535962c9997d0b09582189914cfae1a5ed1e3317",
            "commit-date": "1337277049"
        },
        {
            "package": "kriswallsmith/spork",
            "version": "dev-master",
            "source-reference": "e6a3ec2fc4d74a174148b539ab8c3c7cebefed0e",
            "commit-date": "1339256178"
        },
        {
            "package": "media-alchemyst/media-alchemyst",
            "version": "dev-master",
            "source-reference": "dc3b327b3aa6efae61c910313449d73069cd0889",
            "commit-date": "1340021495"
        },
        {
            "package": "mediavorus/mediavorus",
            "version": "dev-master",
            "source-reference": "28e3ce826a37126e901b5d80c3253090af74647a",
            "commit-date": "1339782829"
        },
        {
            "package": "monolog/monolog",
            "version": "1.0.2"
        },
        {
            "package": "php-ffmpeg/php-ffmpeg",
            "version": "dev-master",
            "source-reference": "b6b8bd502131e0dd82f53517ccc84d3de2c09424",
            "commit-date": "1340268165"
        },
        {
            "package": "php-mp4box/php-mp4box",
            "version": "dev-master",
            "source-reference": "ed3ae359984793a699c540871acc1d68ca6589fe",
            "commit-date": "1335481578"
        },
        {
            "package": "php-unoconv/php-unoconv",
            "version": "dev-master",
            "source-reference": "27f257203be01e3343128b902a06fb82363876b8",
            "commit-date": "1335481542"
        },
        {
            "package": "phpexiftool/exiftool",
            "version": "dev-master",
            "source-reference": "999e660215b25a12fd3409df9a31883b6c617570",
            "commit-date": "1339513761"
        },
        {
            "package": "phpexiftool/phpexiftool",
            "version": "dev-master",
            "source-reference": "5dc6e9a21e4b0faf6809070bc4f1cc4fef06ead6",
            "commit-date": "1339680734"
        },
        {
            "package": "pimple/pimple",
            "version": "dev-master",
            "alias-pretty-version": "1.0.x-dev",
            "alias-version": "1.0.9999999.9999999-dev"
        },
        {
            "package": "pimple/pimple",
            "version": "dev-master",
            "source-reference": "d2cfa2f02f50abef65c238747c753a5f6786f6be",
            "commit-date": "1341139100"
        },
        {
            "package": "swftools/swftools",
            "version": "dev-master",
            "source-reference": "72f339293ca74606814f41fd95f8c552257d8c3b",
            "commit-date": "1339439296"
        },
        {
            "package": "symfony/console",
            "version": "dev-master",
            "alias-pretty-version": "2.1.x-dev",
            "alias-version": "2.1.9999999.9999999-dev"
        },
        {
            "package": "symfony/console",
            "version": "dev-master",
            "source-reference": "808bf42b4b74c12e6c6a6a9750688035f1c49f9c",
            "commit-date": "1340543161"
        },
        {
            "package": "symfony/dependency-injection",
            "version": "dev-master",
            "source-reference": "5ec72a390e4c8a737316f6dc2547f3d368d8bb9b",
            "commit-date": "1341238650"
        },
        {
            "package": "symfony/event-dispatcher",
            "version": "dev-master",
            "alias-pretty-version": "2.1.x-dev",
            "alias-version": "2.1.9999999.9999999-dev"
        },
        {
            "package": "symfony/event-dispatcher",
            "version": "dev-master",
            "source-reference": "v2.1.0-BETA1",
            "commit-date": "1338018513"
        },
        {
            "package": "symfony/http-foundation",
            "version": "dev-master",
            "source-reference": "3e53f0a9f802dc1f34a722109df0b0d2679671a8",
            "commit-date": "1341379664"
        },
        {
            "package": "symfony/process",
            "version": "dev-master",
            "alias-pretty-version": "2.1.x-dev",
            "alias-version": "2.1.9999999.9999999-dev"
        },
        {
            "package": "symfony/process",
            "version": "dev-master",
            "source-reference": "abbb6c9a4fcbd070af4e6296753d449dcd4723aa",
            "commit-date": "1341334717"
        },
        {
            "package": "system/cpu",
            "version": "dev-master",
            "source-reference": "79853588fd75b4d0237b51c975957be132b1ada8",
            "commit-date": "1341402498"
        }
    ],
    "packages-dev": [
        {
            "package": "symfony/finder",
            "version": "dev-master",
            "alias-pretty-version": "2.1.x-dev",
            "alias-version": "2.1.9999999.9999999-dev"
        },
        {
            "package": "symfony/finder",
            "version": "dev-master",
            "source-reference": "4d6a965beae234bd0fa7f61681bd8a54df60f042",
            "commit-date": "1341212719"
        }
    ],
    "aliases": [

    ],
    "minimum-stability": "dev",
    "stability-flags": {
        "gloubster/communications": 20,
        "media-alchemyst/media-alchemyst": 20
    }
}
